
Microsoft Visual Studio Solution File, Format Version 12.00
# Visual Studio Version 17
VisualStudioVersion = 17.5.002.0
MinimumVisualStudioVersion = 10.0.40219.1
Project("{9A19103F-16F7-4668-BE54-9A1E7A4F7556}") = "selection sorting", "selection sorting.csproj", "{F9FD9B4C-1911-4F18-8BA6-A9B97D73A53D}"
EndProject
Global
	GlobalSection(SolutionConfigurationPlatforms) = preSolution
		Debug|Any CPU = Debug|Any CPU
		Release|Any CPU = Release|Any CPU
	EndGlobalSection
	GlobalSection(ProjectConfigurationPlatforms) = postSolution
		{F9FD9B4C-1911-4F18-8BA6-A9B97D73A53D}.Debug|Any CPU.ActiveCfg = Debug|Any CPU
		{F9FD9B4C-1911-4F18-8BA6-A9B97D73A53D}.Debug|Any CPU.Build.0 = Debug|Any CPU
		{F9FD9B4C-1911-4F18-8BA6-A9B97D73A53D}.Release|Any CPU.ActiveCfg = Release|Any CPU
		{F9FD9B4C-1911-4F18-8BA6-A9B97D73A53D}.Release|Any CPU.Build.0 = Release|Any CPU
	EndGlobalSection
	GlobalSection(SolutionProperties) = preSolution
		HideSolutionNode = FALSE
	EndGlobalSection
	GlobalSection(ExtensibilityGlobals) = postSolution
		SolutionGuid = {B1BEAD39-4F8E-4944-B091-78932340A6DB}
	EndGlobalSection
EndGlobal
