
Microsoft Visual Studio Solution File, Format Version 12.00
# Visual Studio Version 17
VisualStudioVersion = 17.5.002.0
MinimumVisualStudioVersion = 10.0.40219.1
Project("{9A19103F-16F7-4668-BE54-9A1E7A4F7556}") = "backend", "backend\backend.csproj", "{BE27B8A0-04CF-454A-9BB3-E369EB69933A}"
EndProject
Project("{FAE04EC0-301F-11D3-BF4B-00C04F79EFBC}") = "backend.Tests", "backend.Tests\backend.Tests.csproj", "{4F62DD1C-5C54-4206-AC89-6325FB942308}"
EndProject
Global
	GlobalSection(SolutionConfigurationPlatforms) = preSolution
		Debug|Any CPU = Debug|Any CPU
		Release|Any CPU = Release|Any CPU
	EndGlobalSection
	GlobalSection(ProjectConfigurationPlatforms) = postSolution
		{BE27B8A0-04CF-454A-9BB3-E369EB69933A}.Debug|Any CPU.ActiveCfg = Debug|Any CPU
		{BE27B8A0-04CF-454A-9BB3-E369EB69933A}.Debug|Any CPU.Build.0 = Debug|Any CPU
		{BE27B8A0-04CF-454A-9BB3-E369EB69933A}.Release|Any CPU.ActiveCfg = Release|Any CPU
		{BE27B8A0-04CF-454A-9BB3-E369EB69933A}.Release|Any CPU.Build.0 = Release|Any CPU
		{4F62DD1C-5C54-4206-AC89-6325FB942308}.Debug|Any CPU.ActiveCfg = Debug|Any CPU
		{4F62DD1C-5C54-4206-AC89-6325FB942308}.Debug|Any CPU.Build.0 = Debug|Any CPU
		{4F62DD1C-5C54-4206-AC89-6325FB942308}.Release|Any CPU.ActiveCfg = Release|Any CPU
		{4F62DD1C-5C54-4206-AC89-6325FB942308}.Release|Any CPU.Build.0 = Release|Any CPU
	EndGlobalSection
	GlobalSection(SolutionProperties) = preSolution
		HideSolutionNode = FALSE
	EndGlobalSection
	GlobalSection(ExtensibilityGlobals) = postSolution
		SolutionGuid = {17D756F3-C8D3-4646-9086-55ED8DAF6EDE}
	EndGlobalSection
EndGlobal
