
Microsoft Visual Studio Solution File, Format Version 12.00
# Visual Studio Version 17
VisualStudioVersion = 17.5.002.0
MinimumVisualStudioVersion = 10.0.40219.1
Project("{9A19103F-16F7-4668-BE54-9A1E7A4F7556}") = "insertion sorting", "insertion sorting.csproj", "{B338BD09-A579-41D5-A99E-A94BF0923560}"
EndProject
Global
	GlobalSection(SolutionConfigurationPlatforms) = preSolution
		Debug|Any CPU = Debug|Any CPU
		Release|Any CPU = Release|Any CPU
	EndGlobalSection
	GlobalSection(ProjectConfigurationPlatforms) = postSolution
		{B338BD09-A579-41D5-A99E-A94BF0923560}.Debug|Any CPU.ActiveCfg = Debug|Any CPU
		{B338BD09-A579-41D5-A99E-A94BF0923560}.Debug|Any CPU.Build.0 = Debug|Any CPU
		{B338BD09-A579-41D5-A99E-A94BF0923560}.Release|Any CPU.ActiveCfg = Release|Any CPU
		{B338BD09-A579-41D5-A99E-A94BF0923560}.Release|Any CPU.Build.0 = Release|Any CPU
	EndGlobalSection
	GlobalSection(SolutionProperties) = preSolution
		HideSolutionNode = FALSE
	EndGlobalSection
	GlobalSection(ExtensibilityGlobals) = postSolution
		SolutionGuid = {EF0845CF-35A5-4B9A-A89F-9F47C7924D5F}
	EndGlobalSection
EndGlobal
